
Microsoft Visual Studio Solution File, Format Version 12.00
# Visual Studio Version 16
VisualStudioVersion = 16.0.30907.101
MinimumVisualStudioVersion = 10.0.40219.1
Project("{9A19103F-16F7-4668-BE54-9A1E7A4F7556}") = "Best_travel", "Best_travel\Best_travel.csproj", "{D330E56D-5FB6-4184-AD25-77D2937908F3}"
EndProject
Project("{FAE04EC0-301F-11D3-BF4B-00C04F79EFBC}") = "Best_travel_Tests", "Best_travel_Tests\Best_travel_Tests.csproj", "{47ED8A76-0926-4C43-A3F2-635352A95FFB}"
EndProject
Project("{FAE04EC0-301F-11D3-BF4B-00C04F79EFBC}") = "PaginationHelper", "PaginationHelper\PaginationHelper.csproj", "{016AD1D2-E361-4EA8-B34F-4E11E498AF64}"
EndProject
Project("{FAE04EC0-301F-11D3-BF4B-00C04F79EFBC}") = "PaginationHelper_Tests", "PaginationHelper_Tests\PaginationHelper_Tests.csproj", "{D95D8964-6220-494B-A5EE-EBAB126E526B}"
EndProject
Project("{FAE04EC0-301F-11D3-BF4B-00C04F79EFBC}") = "Catching_Car_Mileage_Numbers", "Catching_Car_Mileage_Numbers\Catching_Car_Mileage_Numbers.csproj", "{E3282C07-67BC-4CDD-AA42-4F9062779EEB}"
EndProject
Global
	GlobalSection(SolutionConfigurationPlatforms) = preSolution
		Debug|Any CPU = Debug|Any CPU
		Release|Any CPU = Release|Any CPU
	EndGlobalSection
	GlobalSection(ProjectConfigurationPlatforms) = postSolution
		{D330E56D-5FB6-4184-AD25-77D2937908F3}.Debug|Any CPU.ActiveCfg = Debug|Any CPU
		{D330E56D-5FB6-4184-AD25-77D2937908F3}.Debug|Any CPU.Build.0 = Debug|Any CPU
		{D330E56D-5FB6-4184-AD25-77D2937908F3}.Release|Any CPU.ActiveCfg = Release|Any CPU
		{D330E56D-5FB6-4184-AD25-77D2937908F3}.Release|Any CPU.Build.0 = Release|Any CPU
		{47ED8A76-0926-4C43-A3F2-635352A95FFB}.Debug|Any CPU.ActiveCfg = Debug|Any CPU
		{47ED8A76-0926-4C43-A3F2-635352A95FFB}.Debug|Any CPU.Build.0 = Debug|Any CPU
		{47ED8A76-0926-4C43-A3F2-635352A95FFB}.Release|Any CPU.ActiveCfg = Release|Any CPU
		{47ED8A76-0926-4C43-A3F2-635352A95FFB}.Release|Any CPU.Build.0 = Release|Any CPU
		{016AD1D2-E361-4EA8-B34F-4E11E498AF64}.Debug|Any CPU.ActiveCfg = Debug|Any CPU
		{016AD1D2-E361-4EA8-B34F-4E11E498AF64}.Debug|Any CPU.Build.0 = Debug|Any CPU
		{016AD1D2-E361-4EA8-B34F-4E11E498AF64}.Release|Any CPU.ActiveCfg = Release|Any CPU
		{016AD1D2-E361-4EA8-B34F-4E11E498AF64}.Release|Any CPU.Build.0 = Release|Any CPU
		{D95D8964-6220-494B-A5EE-EBAB126E526B}.Debug|Any CPU.ActiveCfg = Debug|Any CPU
		{D95D8964-6220-494B-A5EE-EBAB126E526B}.Debug|Any CPU.Build.0 = Debug|Any CPU
		{D95D8964-6220-494B-A5EE-EBAB126E526B}.Release|Any CPU.ActiveCfg = Release|Any CPU
		{D95D8964-6220-494B-A5EE-EBAB126E526B}.Release|Any CPU.Build.0 = Release|Any CPU
		{E3282C07-67BC-4CDD-AA42-4F9062779EEB}.Debug|Any CPU.ActiveCfg = Debug|Any CPU
		{E3282C07-67BC-4CDD-AA42-4F9062779EEB}.Debug|Any CPU.Build.0 = Debug|Any CPU
		{E3282C07-67BC-4CDD-AA42-4F9062779EEB}.Release|Any CPU.ActiveCfg = Release|Any CPU
		{E3282C07-67BC-4CDD-AA42-4F9062779EEB}.Release|Any CPU.Build.0 = Release|Any CPU
	EndGlobalSection
	GlobalSection(SolutionProperties) = preSolution
		HideSolutionNode = FALSE
	EndGlobalSection
	GlobalSection(ExtensibilityGlobals) = postSolution
		SolutionGuid = {CEE2DD1A-48B4-4847-BC27-0D6F189B6502}
	EndGlobalSection
EndGlobal
