
Microsoft Visual Studio Solution File, Format Version 12.00
# Visual Studio Version 16
VisualStudioVersion = 16.0.30907.101
MinimumVisualStudioVersion = 10.0.40219.1
Project("{FAE04EC0-301F-11D3-BF4B-00C04F79EFBC}") = "Best_travel", "Best_travel\Best_travel.csproj", "{D330E56D-5FB6-4184-AD25-77D2937908F3}"
EndProject
Global
	GlobalSection(SolutionConfigurationPlatforms) = preSolution
		Debug|Any CPU = Debug|Any CPU
		Release|Any CPU = Release|Any CPU
	EndGlobalSection
	GlobalSection(ProjectConfigurationPlatforms) = postSolution
		{D330E56D-5FB6-4184-AD25-77D2937908F3}.Debug|Any CPU.ActiveCfg = Debug|Any CPU
		{D330E56D-5FB6-4184-AD25-77D2937908F3}.Debug|Any CPU.Build.0 = Debug|Any CPU
		{D330E56D-5FB6-4184-AD25-77D2937908F3}.Release|Any CPU.ActiveCfg = Release|Any CPU
		{D330E56D-5FB6-4184-AD25-77D2937908F3}.Release|Any CPU.Build.0 = Release|Any CPU
	EndGlobalSection
	GlobalSection(SolutionProperties) = preSolution
		HideSolutionNode = FALSE
	EndGlobalSection
	GlobalSection(ExtensibilityGlobals) = postSolution
		SolutionGuid = {CEE2DD1A-48B4-4847-BC27-0D6F189B6502}
	EndGlobalSection
EndGlobal
